
Microsoft Visual Studio Solution File, Format Version 12.00
# Visual Studio 14
VisualStudioVersion = 14.0.25420.1
MinimumVisualStudioVersion = 10.0.40219.1
Project("{FAE04EC0-301F-11D3-BF4B-00C04F79EFBC}") = "3FilesAssignment", "3FilesAssignment\3FilesAssignment.csproj", "{0C6ECA11-E469-43EA-B690-19CF53296CBC}"
EndProject
Project("{FAE04EC0-301F-11D3-BF4B-00C04F79EFBC}") = "3FilesAssignmentTester", "3FilesAssignmentTester\3FilesAssignmentTester.csproj", "{B569086C-0E09-42DC-B19D-8B7EA0B5B588}"
EndProject
Project("{FAE04EC0-301F-11D3-BF4B-00C04F79EFBC}") = "3FilesLIb", "3FilesLIb\3FilesLIb.csproj", "{FAD9F6E6-B26E-4DD8-88AA-B89F8DFBABBC}"
EndProject
Global
	GlobalSection(SolutionConfigurationPlatforms) = preSolution
		Debug|Any CPU = Debug|Any CPU
		Release|Any CPU = Release|Any CPU
	EndGlobalSection
	GlobalSection(ProjectConfigurationPlatforms) = postSolution
		{0C6ECA11-E469-43EA-B690-19CF53296CBC}.Debug|Any CPU.ActiveCfg = Debug|Any CPU
		{0C6ECA11-E469-43EA-B690-19CF53296CBC}.Debug|Any CPU.Build.0 = Debug|Any CPU
		{0C6ECA11-E469-43EA-B690-19CF53296CBC}.Release|Any CPU.ActiveCfg = Release|Any CPU
		{0C6ECA11-E469-43EA-B690-19CF53296CBC}.Release|Any CPU.Build.0 = Release|Any CPU
		{B569086C-0E09-42DC-B19D-8B7EA0B5B588}.Debug|Any CPU.ActiveCfg = Debug|Any CPU
		{B569086C-0E09-42DC-B19D-8B7EA0B5B588}.Debug|Any CPU.Build.0 = Debug|Any CPU
		{B569086C-0E09-42DC-B19D-8B7EA0B5B588}.Release|Any CPU.ActiveCfg = Release|Any CPU
		{B569086C-0E09-42DC-B19D-8B7EA0B5B588}.Release|Any CPU.Build.0 = Release|Any CPU
		{FAD9F6E6-B26E-4DD8-88AA-B89F8DFBABBC}.Debug|Any CPU.ActiveCfg = Debug|Any CPU
		{FAD9F6E6-B26E-4DD8-88AA-B89F8DFBABBC}.Debug|Any CPU.Build.0 = Debug|Any CPU
		{FAD9F6E6-B26E-4DD8-88AA-B89F8DFBABBC}.Release|Any CPU.ActiveCfg = Release|Any CPU
		{FAD9F6E6-B26E-4DD8-88AA-B89F8DFBABBC}.Release|Any CPU.Build.0 = Release|Any CPU
	EndGlobalSection
	GlobalSection(SolutionProperties) = preSolution
		HideSolutionNode = FALSE
	EndGlobalSection
EndGlobal
